
Microsoft Visual Studio Solution File, Format Version 12.00
# Visual Studio Version 17
VisualStudioVersion = 17.1.32210.238
MinimumVisualStudioVersion = 10.0.40219.1
Project("{FAE04EC0-301F-11D3-BF4B-00C04F79EFBC}") = "Exc6", "Exc6\Exc6.csproj", "{F253A7C6-56A2-4481-A93E-0842ABFA8094}"
EndProject
Global
	GlobalSection(SolutionConfigurationPlatforms) = preSolution
		Debug|Any CPU = Debug|Any CPU
		Release|Any CPU = Release|Any CPU
	EndGlobalSection
	GlobalSection(ProjectConfigurationPlatforms) = postSolution
		{F253A7C6-56A2-4481-A93E-0842ABFA8094}.Debug|Any CPU.ActiveCfg = Debug|Any CPU
		{F253A7C6-56A2-4481-A93E-0842ABFA8094}.Debug|Any CPU.Build.0 = Debug|Any CPU
		{F253A7C6-56A2-4481-A93E-0842ABFA8094}.Release|Any CPU.ActiveCfg = Release|Any CPU
		{F253A7C6-56A2-4481-A93E-0842ABFA8094}.Release|Any CPU.Build.0 = Release|Any CPU
	EndGlobalSection
	GlobalSection(SolutionProperties) = preSolution
		HideSolutionNode = FALSE
	EndGlobalSection
	GlobalSection(ExtensibilityGlobals) = postSolution
		SolutionGuid = {D0B6149D-03FC-4EB4-8B8C-6A270768D282}
	EndGlobalSection
EndGlobal
