
Microsoft Visual Studio Solution File, Format Version 12.00
# Visual Studio Version 17
VisualStudioVersion = 17.1.32210.238
MinimumVisualStudioVersion = 10.0.40219.1
Project("{FAE04EC0-301F-11D3-BF4B-00C04F79EFBC}") = "Exc4", "Exc4\Exc4.csproj", "{A79E51D4-1039-4C7A-8B42-556C360ED1BD}"
EndProject
Global
	GlobalSection(SolutionConfigurationPlatforms) = preSolution
		Debug|Any CPU = Debug|Any CPU
		Release|Any CPU = Release|Any CPU
	EndGlobalSection
	GlobalSection(ProjectConfigurationPlatforms) = postSolution
		{A79E51D4-1039-4C7A-8B42-556C360ED1BD}.Debug|Any CPU.ActiveCfg = Debug|Any CPU
		{A79E51D4-1039-4C7A-8B42-556C360ED1BD}.Debug|Any CPU.Build.0 = Debug|Any CPU
		{A79E51D4-1039-4C7A-8B42-556C360ED1BD}.Release|Any CPU.ActiveCfg = Release|Any CPU
		{A79E51D4-1039-4C7A-8B42-556C360ED1BD}.Release|Any CPU.Build.0 = Release|Any CPU
	EndGlobalSection
	GlobalSection(SolutionProperties) = preSolution
		HideSolutionNode = FALSE
	EndGlobalSection
	GlobalSection(ExtensibilityGlobals) = postSolution
		SolutionGuid = {881BCDC0-CCB7-4C4D-B2CA-9D6CB79D112D}
	EndGlobalSection
EndGlobal
